version = 1
revision = 1
requires-python = ">=3.12"

[[package]]
name = "colorama"
version = "0.4.6"
source = { registry = "https://pypi.org/simple" }
sdist = { url = "https://files.pythonhosted.org/packages/d8/53/6f443c9a4a8358a93a6792e2acffb9d9d5cb0a5cfd8802644b7b1c9a02e4/colorama-0.4.6.tar.gz", hash = "sha256:08695f5cb7ed6e0531a20572697297273c47b8cae5a63ffc6d6ed5c201be6e44", size = 27697 }
wheels = [
    { url = "https://files.pythonhosted.org/packages/d1/d6/3965ed04c63042e047cb6a3e6ed1a63a35087b6a609aa3a15ed8ac56c221/colorama-0.4.6-py2.py3-none-any.whl", hash = "sha256:4f1d9991f5acc0ca119f9d443620b77f9d6b33703e51011c16baf57afb285fc6", size = 25335 },
]

[[package]]
name = "crowsight"
version = "0.1.0"
source = { editable = "." }
dependencies = [
    { name = "loguru" },
    { name = "tree-sitter" },
    { name = "tree-sitter-language-pack" },
]

[package.metadata]
requires-dist = [
    { name = "loguru", specifier = ">=0.7.3" },
    { name = "tree-sitter", specifier = ">=0.24.0" },
    { name = "tree-sitter-language-pack", specifier = ">=0.7.2" },
]

[[package]]
name = "loguru"
version = "0.7.3"
source = { registry = "https://pypi.org/simple" }
dependencies = [
    { name = "colorama", marker = "sys_platform == 'win32'" },
    { name = "win32-setctime", marker = "sys_platform == 'win32'" },
]
sdist = { url = "https://files.pythonhosted.org/packages/3a/05/a1dae3dffd1116099471c643b8924f5aa6524411dc6c63fdae648c4f1aca/loguru-0.7.3.tar.gz", hash = "sha256:19480589e77d47b8d85b2c827ad95d49bf31b0dcde16593892eb51dd18706eb6", size = 63559 }
wheels = [
    { url = "https://files.pythonhosted.org/packages/0c/29/0348de65b8cc732daa3e33e67806420b2ae89bdce2b04af740289c5c6c8c/loguru-0.7.3-py3-none-any.whl", hash = "sha256:31a33c10c8e1e10422bfd431aeb5d351c7cf7fa671e3c4df004162264b28220c", size = 61595 },
]

[[package]]
name = "tree-sitter"
version = "0.24.0"
source = { registry = "https://pypi.org/simple" }
sdist = { url = "https://files.pythonhosted.org/packages/a7/a2/698b9d31d08ad5558f8bfbfe3a0781bd4b1f284e89bde3ad18e05101a892/tree-sitter-0.24.0.tar.gz", hash = "sha256:abd95af65ca2f4f7eca356343391ed669e764f37748b5352946f00f7fc78e734", size = 168304 }
wheels = [
    { url = "https://files.pythonhosted.org/packages/e9/57/3a590f287b5aa60c07d5545953912be3d252481bf5e178f750db75572bff/tree_sitter-0.24.0-cp312-cp312-macosx_10_13_x86_64.whl", hash = "sha256:14beeff5f11e223c37be7d5d119819880601a80d0399abe8c738ae2288804afc", size = 140788 },
    { url = "https://files.pythonhosted.org/packages/61/0b/fc289e0cba7dbe77c6655a4dd949cd23c663fd62a8b4d8f02f97e28d7fe5/tree_sitter-0.24.0-cp312-cp312-macosx_11_0_arm64.whl", hash = "sha256:26a5b130f70d5925d67b47db314da209063664585a2fd36fa69e0717738efaf4", size = 133945 },
    { url = "https://files.pythonhosted.org/packages/86/d7/80767238308a137e0b5b5c947aa243e3c1e3e430e6d0d5ae94b9a9ffd1a2/tree_sitter-0.24.0-cp312-cp312-manylinux_2_17_aarch64.manylinux2014_aarch64.whl", hash = "sha256:5fc5c3c26d83c9d0ecb4fc4304fba35f034b7761d35286b936c1db1217558b4e", size = 564819 },
    { url = "https://files.pythonhosted.org/packages/bf/b3/6c5574f4b937b836601f5fb556b24804b0a6341f2eb42f40c0e6464339f4/tree_sitter-0.24.0-cp312-cp312-manylinux_2_17_x86_64.manylinux2014_x86_64.whl", hash = "sha256:772e1bd8c0931c866b848d0369b32218ac97c24b04790ec4b0e409901945dd8e", size = 579303 },
    { url = "https://files.pythonhosted.org/packages/0a/f4/bd0ddf9abe242ea67cca18a64810f8af230fc1ea74b28bb702e838ccd874/tree_sitter-0.24.0-cp312-cp312-musllinux_1_2_x86_64.whl", hash = "sha256:24a8dd03b0d6b8812425f3b84d2f4763322684e38baf74e5bb766128b5633dc7", size = 581054 },
    { url = "https://files.pythonhosted.org/packages/8c/1c/ff23fa4931b6ef1bbeac461b904ca7e49eaec7e7e5398584e3eef836ec96/tree_sitter-0.24.0-cp312-cp312-win_amd64.whl", hash = "sha256:f9e8b1605ab60ed43803100f067eed71b0b0e6c1fb9860a262727dbfbbb74751", size = 120221 },
    { url = "https://files.pythonhosted.org/packages/b2/2a/9979c626f303177b7612a802237d0533155bf1e425ff6f73cc40f25453e2/tree_sitter-0.24.0-cp312-cp312-win_arm64.whl", hash = "sha256:f733a83d8355fc95561582b66bbea92ffd365c5d7a665bc9ebd25e049c2b2abb", size = 108234 },
    { url = "https://files.pythonhosted.org/packages/61/cd/2348339c85803330ce38cee1c6cbbfa78a656b34ff58606ebaf5c9e83bd0/tree_sitter-0.24.0-cp313-cp313-macosx_10_13_x86_64.whl", hash = "sha256:0d4a6416ed421c4210f0ca405a4834d5ccfbb8ad6692d4d74f7773ef68f92071", size = 140781 },
    { url = "https://files.pythonhosted.org/packages/8b/a3/1ea9d8b64e8dcfcc0051028a9c84a630301290995cd6e947bf88267ef7b1/tree_sitter-0.24.0-cp313-cp313-macosx_11_0_arm64.whl", hash = "sha256:e0992d483677e71d5c5d37f30dfb2e3afec2f932a9c53eec4fca13869b788c6c", size = 133928 },
    { url = "https://files.pythonhosted.org/packages/fe/ae/55c1055609c9428a4aedf4b164400ab9adb0b1bf1538b51f4b3748a6c983/tree_sitter-0.24.0-cp313-cp313-manylinux_2_17_aarch64.manylinux2014_aarch64.whl", hash = "sha256:57277a12fbcefb1c8b206186068d456c600dbfbc3fd6c76968ee22614c5cd5ad", size = 564497 },
    { url = "https://files.pythonhosted.org/packages/ce/d0/f2ffcd04882c5aa28d205a787353130cbf84b2b8a977fd211bdc3b399ae3/tree_sitter-0.24.0-cp313-cp313-manylinux_2_17_x86_64.manylinux2014_x86_64.whl", hash = "sha256:d25fa22766d63f73716c6fec1a31ee5cf904aa429484256bd5fdf5259051ed74", size = 578917 },
    { url = "https://files.pythonhosted.org/packages/af/82/aebe78ea23a2b3a79324993d4915f3093ad1af43d7c2208ee90be9273273/tree_sitter-0.24.0-cp313-cp313-musllinux_1_2_x86_64.whl", hash = "sha256:7d5d9537507e1c8c5fa9935b34f320bfec4114d675e028f3ad94f11cf9db37b9", size = 581148 },
    { url = "https://files.pythonhosted.org/packages/a1/b4/6b0291a590c2b0417cfdb64ccb8ea242f270a46ed429c641fbc2bfab77e0/tree_sitter-0.24.0-cp313-cp313-win_amd64.whl", hash = "sha256:f58bb4956917715ec4d5a28681829a8dad5c342cafd4aea269f9132a83ca9b34", size = 120207 },
    { url = "https://files.pythonhosted.org/packages/a8/18/542fd844b75272630229c9939b03f7db232c71a9d82aadc59c596319ea6a/tree_sitter-0.24.0-cp313-cp313-win_arm64.whl", hash = "sha256:23641bd25dcd4bb0b6fa91b8fb3f46cc9f1c9f475efe4d536d3f1f688d1b84c8", size = 108232 },
]

[[package]]
name = "tree-sitter-c-sharp"
version = "0.23.1"
source = { registry = "https://pypi.org/simple" }
sdist = { url = "https://files.pythonhosted.org/packages/22/85/a61c782afbb706a47d990eaee6977e7c2bd013771c5bf5c81c617684f286/tree_sitter_c_sharp-0.23.1.tar.gz", hash = "sha256:322e2cfd3a547a840375276b2aea3335fa6458aeac082f6c60fec3f745c967eb", size = 1317728 }
wheels = [
    { url = "https://files.pythonhosted.org/packages/58/04/f6c2df4c53a588ccd88d50851155945cff8cd887bd70c175e00aaade7edf/tree_sitter_c_sharp-0.23.1-cp39-abi3-macosx_10_9_x86_64.whl", hash = "sha256:2b612a6e5bd17bb7fa2aab4bb6fc1fba45c94f09cb034ab332e45603b86e32fd", size = 372235 },
    { url = "https://files.pythonhosted.org/packages/99/10/1aa9486f1e28fc22810fa92cbdc54e1051e7f5536a5e5b5e9695f609b31e/tree_sitter_c_sharp-0.23.1-cp39-abi3-macosx_11_0_arm64.whl", hash = "sha256:1a8b98f62bc53efcd4d971151950c9b9cd5cbe3bacdb0cd69fdccac63350d83e", size = 419046 },
    { url = "https://files.pythonhosted.org/packages/0f/21/13df29f8fcb9ba9f209b7b413a4764b673dfd58989a0dd67e9c7e19e9c2e/tree_sitter_c_sharp-0.23.1-cp39-abi3-manylinux_2_17_aarch64.manylinux2014_aarch64.whl", hash = "sha256:986e93d845a438ec3c4416401aa98e6a6f6631d644bbbc2e43fcb915c51d255d", size = 415999 },
    { url = "https://files.pythonhosted.org/packages/ca/72/fc6846795bcdae2f8aa94cc8b1d1af33d634e08be63e294ff0d6794b1efc/tree_sitter_c_sharp-0.23.1-cp39-abi3-manylinux_2_5_x86_64.manylinux1_x86_64.manylinux_2_17_x86_64.manylinux2014_x86_64.whl", hash = "sha256:a8024e466b2f5611c6dc90321f232d8584893c7fb88b75e4a831992f877616d2", size = 402830 },
    { url = "https://files.pythonhosted.org/packages/fe/3a/b6028c5890ce6653807d5fa88c72232c027c6ceb480dbeb3b186d60e5971/tree_sitter_c_sharp-0.23.1-cp39-abi3-musllinux_1_2_x86_64.whl", hash = "sha256:7f9bf876866835492281d336b9e1f9626ab668737f74e914c31d285261507da7", size = 397880 },
    { url = "https://files.pythonhosted.org/packages/47/d2/4facaa34b40f8104d8751746d0e1cd2ddf0beb9f1404b736b97f372bd1f3/tree_sitter_c_sharp-0.23.1-cp39-abi3-win_amd64.whl", hash = "sha256:ae9a9e859e8f44e2b07578d44f9a220d3fa25b688966708af6aa55d42abeebb3", size = 377562 },
    { url = "https://files.pythonhosted.org/packages/d8/88/3cf6bd9959d94d1fec1e6a9c530c5f08ff4115a474f62aedb5fedb0f7241/tree_sitter_c_sharp-0.23.1-cp39-abi3-win_arm64.whl", hash = "sha256:c81548347a93347be4f48cb63ec7d60ef4b0efa91313330e69641e49aa5a08c5", size = 375157 },
]

[[package]]
name = "tree-sitter-embedded-template"
version = "0.23.2"
source = { registry = "https://pypi.org/simple" }
sdist = { url = "https://files.pythonhosted.org/packages/28/d6/5a58ea2f0480f5ed188b733114a8c275532a2fd1568b3898793b13d28af5/tree_sitter_embedded_template-0.23.2.tar.gz", hash = "sha256:7b24dcf2e92497f54323e617564d36866230a8bfb719dbb7b45b461510dcddaa", size = 8471 }
wheels = [
    { url = "https://files.pythonhosted.org/packages/ef/c1/be0c48ed9609b720e74ade86f24ea086e353fe9c7405ee9630c3d52d09a2/tree_sitter_embedded_template-0.23.2-cp39-abi3-macosx_10_9_x86_64.whl", hash = "sha256:a505c2d2494464029d79db541cab52f6da5fb326bf3d355e69bf98b84eb89ae0", size = 9554 },
    { url = "https://files.pythonhosted.org/packages/6d/a5/7c12f5d302525ee36d1eafc28a68e4454da5bad208436d547326bee4ed76/tree_sitter_embedded_template-0.23.2-cp39-abi3-macosx_11_0_arm64.whl", hash = "sha256:28028b93b42cc3753261ae7ce066675d407f59de512417524f9c3ab7792b1d37", size = 10051 },
    { url = "https://files.pythonhosted.org/packages/cd/87/95aaba8b64b849200bd7d4ae510cc394ecaef46a031499cbff301766970d/tree_sitter_embedded_template-0.23.2-cp39-abi3-manylinux_2_17_aarch64.manylinux2014_aarch64.whl", hash = "sha256:ec399d59ce93ffb60759a2d96053eed529f3c3f6a27128f261710d0d0de60e10", size = 17532 },
    { url = "https://files.pythonhosted.org/packages/13/f8/8c837b898f00b35f9f3f76a4abc525e80866a69343083c9ff329e17ecb03/tree_sitter_embedded_template-0.23.2-cp39-abi3-manylinux_2_5_x86_64.manylinux1_x86_64.manylinux_2_17_x86_64.manylinux2014_x86_64.whl", hash = "sha256:bcfa01f62b88d50dbcb736cc23baec8ddbfe08daacfdc613eee8c04ab65efd09", size = 17394 },
    { url = "https://files.pythonhosted.org/packages/89/9b/893adf9e465d2d7f14870871bf2f3b30045e5ac417cb596f667a72eda493/tree_sitter_embedded_template-0.23.2-cp39-abi3-musllinux_1_2_x86_64.whl", hash = "sha256:6debd24791466f887109a433c31aa4a5deeba2b217817521c745a4e748a944ed", size = 16439 },
    { url = "https://files.pythonhosted.org/packages/40/96/e79934572723673db9f867000500c6eea61a37705e02c7aee9ee031bbb6f/tree_sitter_embedded_template-0.23.2-cp39-abi3-win_amd64.whl", hash = "sha256:158fecb38be5b15db0190ef7238e5248f24bf32ae3cab93bc1197e293a5641eb", size = 12572 },
    { url = "https://files.pythonhosted.org/packages/63/06/27f678b9874e4e2e39ddc6f5cce3374c8c60e6046ea8588a491ab6fc9fcb/tree_sitter_embedded_template-0.23.2-cp39-abi3-win_arm64.whl", hash = "sha256:9f1f3b79fe273f3d15a5b64c85fc6ebfb48decfbe8542accd05f5b7694860df0", size = 11232 },
]

[[package]]
name = "tree-sitter-language-pack"
version = "0.7.2"
source = { registry = "https://pypi.org/simple" }
dependencies = [
    { name = "tree-sitter" },
    { name = "tree-sitter-c-sharp" },
    { name = "tree-sitter-embedded-template" },
    { name = "tree-sitter-yaml" },
]
sdist = { url = "https://files.pythonhosted.org/packages/9b/1e/2d63d93025fd5b527327c3fd348955cebaec02a3f1bcec88ab4d88ddfc39/tree_sitter_language_pack-0.7.2.tar.gz", hash = "sha256:46fc96cc3bddfee7091fdedec2ae7e34218679e58241e8319bf82026f6d02eae", size = 59264078 }
wheels = [
    { url = "https://files.pythonhosted.org/packages/da/9d/2c6272bf4fd18a22d8c07d3c983940dbece4f0e9e21f5c78f15a2740f435/tree_sitter_language_pack-0.7.2-cp39-abi3-macosx_10_13_universal2.whl", hash = "sha256:4036603020bd32060d9931a64f8c3d8637de575f350f11534971012e51a27a95", size = 28132977 },
    { url = "https://files.pythonhosted.org/packages/2b/e2/0f2511019c27b870061f9ad719074095ef84cd7857a730765bfa066384be/tree_sitter_language_pack-0.7.2-cp39-abi3-manylinux2014_aarch64.whl", hash = "sha256:801926dbc81eeca4ce97b846cc899dcf3fecfdc3b2514a68eeeb118f70ac686d", size = 17576769 },
    { url = "https://files.pythonhosted.org/packages/3a/88/7b38233def5c359503ad4d36533f96f9fe2943a8eeeced66b36312c49e1b/tree_sitter_language_pack-0.7.2-cp39-abi3-manylinux2014_x86_64.whl", hash = "sha256:77be80335fb585f48eb268b0e07ca54f3da8f30c2eab7be749113f116c3ef316", size = 17433872 },
    { url = "https://files.pythonhosted.org/packages/f8/27/fc5dce240b68a1ed876bc80b2238fbaaa0f695dbaf88660728a0239a2b20/tree_sitter_language_pack-0.7.2-cp39-abi3-win_amd64.whl", hash = "sha256:d71c6b4c14b3370ca783319ede7a581a10e6dd1bdfe5d31d316d9216981a6406", size = 14316050 },
]

[[package]]
name = "tree-sitter-yaml"
version = "0.7.0"
source = { registry = "https://pypi.org/simple" }
sdist = { url = "https://files.pythonhosted.org/packages/93/04/6de8be8112c50450cab753fcd6b74d8368c60f6099bf551cee0bec69563a/tree_sitter_yaml-0.7.0.tar.gz", hash = "sha256:9c8bb17d9755c3b0e757260917240c0d19883cd3b59a5d74f205baa8bf8435a4", size = 85085 }
wheels = [
    { url = "https://files.pythonhosted.org/packages/69/1d/243dbdf59fae8a4109e19f0994e2627ddedb2e16b7cf99bd42be64367742/tree_sitter_yaml-0.7.0-cp39-abi3-macosx_10_9_x86_64.whl", hash = "sha256:e21553ac190ae05bf82796df8beb4d9158ba195b5846018cb36fbc3a35bd0679", size = 43335 },
    { url = "https://files.pythonhosted.org/packages/e2/63/e5d5868a1498e20fd07e7db62933766fd64950279862e3e7f150b88ec69d/tree_sitter_yaml-0.7.0-cp39-abi3-macosx_11_0_arm64.whl", hash = "sha256:c022054f1f9b54201082ea83073a6c24c42d0436ad8ee99ff2574cba8f928c28", size = 44574 },
    { url = "https://files.pythonhosted.org/packages/f5/ba/9cff9a3fddb1b6b38bc71ce1dfdb8892ab15a4042c104f4582e30318b412/tree_sitter_yaml-0.7.0-cp39-abi3-manylinux_2_17_aarch64.manylinux2014_aarch64.whl", hash = "sha256:1cd1725142f19e41c51d27c99cfc60780f596e069eb181cfa6433d993a19aa3d", size = 93088 },
    { url = "https://files.pythonhosted.org/packages/19/09/39d29d9a22cee0b3c3e4f3fdbd23e4534b9c2a84b5f962f369eafcfbf88c/tree_sitter_yaml-0.7.0-cp39-abi3-manylinux_2_5_x86_64.manylinux1_x86_64.manylinux_2_17_x86_64.manylinux2014_x86_64.whl", hash = "sha256:9d1b268378254f75bb27396d83c96d886ccbfcda6bd8c2778e94e3e1d2459085", size = 91367 },
    { url = "https://files.pythonhosted.org/packages/b0/b7/285653b894b351436917b5fe5e738eecaeb2128b4e4bf72bfe0c6043f62e/tree_sitter_yaml-0.7.0-cp39-abi3-musllinux_1_2_x86_64.whl", hash = "sha256:27c2e7f4f49ddf410003abbb82a7b00ec77ea263d8ef08dbce1a15d293eed2fd", size = 87405 },
    { url = "https://files.pythonhosted.org/packages/bb/73/0cdc82ea653c190475a4f63dd4a1f4efd5d1c7d09d2668b8d84008a4c4f8/tree_sitter_yaml-0.7.0-cp39-abi3-win_amd64.whl", hash = "sha256:98dce0d6bc376f842cfb1d3c32512eea95b37e61cd2c87074bb4b05c999917c8", size = 45360 },
    { url = "https://files.pythonhosted.org/packages/2e/32/af2d676b0176a958f22a75b04be836e09476a10844baab78c018a5030297/tree_sitter_yaml-0.7.0-cp39-abi3-win_arm64.whl", hash = "sha256:f0f8d8e05fa8e70f08d0f18a209d6026e171844f4ea7090e7c779b9c375b3a31", size = 43650 },
]

[[package]]
name = "win32-setctime"
version = "1.2.0"
source = { registry = "https://pypi.org/simple" }
sdist = { url = "https://files.pythonhosted.org/packages/b3/8f/705086c9d734d3b663af0e9bb3d4de6578d08f46b1b101c2442fd9aecaa2/win32_setctime-1.2.0.tar.gz", hash = "sha256:ae1fdf948f5640aae05c511ade119313fb6a30d7eabe25fef9764dca5873c4c0", size = 4867 }
wheels = [
    { url = "https://files.pythonhosted.org/packages/e1/07/c6fe3ad3e685340704d314d765b7912993bcb8dc198f0e7a89382d37974b/win32_setctime-1.2.0-py3-none-any.whl", hash = "sha256:95d644c4e708aba81dc3704a116d8cbc974d70b3bdb8be1d150e36be6e9d1390", size = 4083 },
]
